
Microsoft Visual Studio Solution File, Format Version 11.00
# Visual Studio 2010
Project("{FAE04EC0-301F-11D3-BF4B-00C04F79EFBC}") = "Notifications Server", "Notifications Server\Notifications Server.csproj", "{DCA447D6-6417-47ED-A9FD-26776F559E73}"
EndProject
Project("{FAE04EC0-301F-11D3-BF4B-00C04F79EFBC}") = "NotificationsTestClient", "NotificationsTestClient\NotificationsTestClient.csproj", "{1E875939-F406-4C68-BC09-9D0A79674EC5}"
EndProject
Global
	GlobalSection(SolutionConfigurationPlatforms) = preSolution
		Debug|Any CPU = Debug|Any CPU
		Debug|Mixed Platforms = Debug|Mixed Platforms
		Debug|x86 = Debug|x86
		Release|Any CPU = Release|Any CPU
		Release|Mixed Platforms = Release|Mixed Platforms
		Release|x86 = Release|x86
	EndGlobalSection
	GlobalSection(ProjectConfigurationPlatforms) = postSolution
		{DCA447D6-6417-47ED-A9FD-26776F559E73}.Debug|Any CPU.ActiveCfg = Debug|x86
		{DCA447D6-6417-47ED-A9FD-26776F559E73}.Debug|Mixed Platforms.ActiveCfg = Debug|x86
		{DCA447D6-6417-47ED-A9FD-26776F559E73}.Debug|Mixed Platforms.Build.0 = Debug|x86
		{DCA447D6-6417-47ED-A9FD-26776F559E73}.Debug|x86.ActiveCfg = Debug|x86
		{DCA447D6-6417-47ED-A9FD-26776F559E73}.Debug|x86.Build.0 = Debug|x86
		{DCA447D6-6417-47ED-A9FD-26776F559E73}.Release|Any CPU.ActiveCfg = Release|x86
		{DCA447D6-6417-47ED-A9FD-26776F559E73}.Release|Mixed Platforms.ActiveCfg = Release|x86
		{DCA447D6-6417-47ED-A9FD-26776F559E73}.Release|Mixed Platforms.Build.0 = Release|x86
		{DCA447D6-6417-47ED-A9FD-26776F559E73}.Release|x86.ActiveCfg = Release|x86
		{DCA447D6-6417-47ED-A9FD-26776F559E73}.Release|x86.Build.0 = Release|x86
		{1E875939-F406-4C68-BC09-9D0A79674EC5}.Debug|Any CPU.ActiveCfg = Debug|Any CPU
		{1E875939-F406-4C68-BC09-9D0A79674EC5}.Debug|Any CPU.Build.0 = Debug|Any CPU
		{1E875939-F406-4C68-BC09-9D0A79674EC5}.Debug|Any CPU.Deploy.0 = Debug|Any CPU
		{1E875939-F406-4C68-BC09-9D0A79674EC5}.Debug|Mixed Platforms.ActiveCfg = Debug|Any CPU
		{1E875939-F406-4C68-BC09-9D0A79674EC5}.Debug|Mixed Platforms.Build.0 = Debug|Any CPU
		{1E875939-F406-4C68-BC09-9D0A79674EC5}.Debug|Mixed Platforms.Deploy.0 = Debug|Any CPU
		{1E875939-F406-4C68-BC09-9D0A79674EC5}.Debug|x86.ActiveCfg = Debug|Any CPU
		{1E875939-F406-4C68-BC09-9D0A79674EC5}.Release|Any CPU.ActiveCfg = Release|Any CPU
		{1E875939-F406-4C68-BC09-9D0A79674EC5}.Release|Any CPU.Build.0 = Release|Any CPU
		{1E875939-F406-4C68-BC09-9D0A79674EC5}.Release|Any CPU.Deploy.0 = Release|Any CPU
		{1E875939-F406-4C68-BC09-9D0A79674EC5}.Release|Mixed Platforms.ActiveCfg = Release|Any CPU
		{1E875939-F406-4C68-BC09-9D0A79674EC5}.Release|Mixed Platforms.Build.0 = Release|Any CPU
		{1E875939-F406-4C68-BC09-9D0A79674EC5}.Release|Mixed Platforms.Deploy.0 = Release|Any CPU
		{1E875939-F406-4C68-BC09-9D0A79674EC5}.Release|x86.ActiveCfg = Release|Any CPU
	EndGlobalSection
	GlobalSection(SolutionProperties) = preSolution
		HideSolutionNode = FALSE
	EndGlobalSection
EndGlobal
